// !$*UTF8*$!
{
	archiveVersion = 1;
	classes = {
	};
	objectVersion = 56;
	objects = {

/* Begin PBXBuildFile section */
		04A33C9429D700C7000BA4DB /* AppReducer.swift in Sources */ = {isa = PBXBuildFile; fileRef = 04A33C9329D700C7000BA4DB /* AppReducer.swift */; };
		04A33C9729D701C3000BA4DB /* FilePickerReducer.swift in Sources */ = {isa = PBXBuildFile; fileRef = 04A33C9629D701C3000BA4DB /* FilePickerReducer.swift */; };
		04DB7D8229C347E600603633 /* CertificateFilePicker.swift in Sources */ = {isa = PBXBuildFile; fileRef = 04DB7D8129C347E600603633 /* CertificateFilePicker.swift */; };
		04DB7D8729C357A200603633 /* FilePicker.swift in Sources */ = {isa = PBXBuildFile; fileRef = 04DB7D8629C357A200603633 /* FilePicker.swift */; };
		04DB7D8A29C35F0A00603633 /* ComposableArchitecture in Frameworks */ = {isa = PBXBuildFile; productRef = 04DB7D8929C35F0A00603633 /* ComposableArchitecture */; };
		04DB7D9129C3647200603633 /* README.md in Resources */ = {isa = PBXBuildFile; fileRef = 04DB7D9029C3647200603633 /* README.md */; };
		1A98F4E929B69495001EFB2F /* BeamerApp.swift in Sources */ = {isa = PBXBuildFile; fileRef = 1A98F4E829B69495001EFB2F /* BeamerApp.swift */; };
		1A98F4EB29B69495001EFB2F /* ContentView.swift in Sources */ = {isa = PBXBuildFile; fileRef = 1A98F4EA29B69495001EFB2F /* ContentView.swift */; };
		1A98F4ED29B69497001EFB2F /* Assets.xcassets in Resources */ = {isa = PBXBuildFile; fileRef = 1A98F4EC29B69497001EFB2F /* Assets.xcassets */; };
		1A98F4F029B69497001EFB2F /* Preview Assets.xcassets in Resources */ = {isa = PBXBuildFile; fileRef = 1A98F4EF29B69497001EFB2F /* Preview Assets.xcassets */; };
		1A98F4FB29B69498001EFB2F /* BeamerTests.swift in Sources */ = {isa = PBXBuildFile; fileRef = 1A98F4FA29B69498001EFB2F /* BeamerTests.swift */; };
		1A98F50529B69498001EFB2F /* BeamerUITests.swift in Sources */ = {isa = PBXBuildFile; fileRef = 1A98F50429B69498001EFB2F /* BeamerUITests.swift */; };
		1A98F50729B69498001EFB2F /* BeamerUITestsLaunchTests.swift in Sources */ = {isa = PBXBuildFile; fileRef = 1A98F50629B69498001EFB2F /* BeamerUITestsLaunchTests.swift */; };
		1A98F51429B800AC001EFB2F /* AppDelegate.swift in Sources */ = {isa = PBXBuildFile; fileRef = 1A98F51329B800AC001EFB2F /* AppDelegate.swift */; };
/* End PBXBuildFile section */

/* Begin PBXContainerItemProxy section */
		1A98F4F729B69498001EFB2F /* PBXContainerItemProxy */ = {
			isa = PBXContainerItemProxy;
			containerPortal = 1A98F4DD29B69495001EFB2F /* Project object */;
			proxyType = 1;
			remoteGlobalIDString = 1A98F4E429B69495001EFB2F;
			remoteInfo = Beamer;
		};
		1A98F50129B69498001EFB2F /* PBXContainerItemProxy */ = {
			isa = PBXContainerItemProxy;
			containerPortal = 1A98F4DD29B69495001EFB2F /* Project object */;
			proxyType = 1;
			remoteGlobalIDString = 1A98F4E429B69495001EFB2F;
			remoteInfo = Beamer;
		};
/* End PBXContainerItemProxy section */

/* Begin PBXFileReference section */
		04A33C9329D700C7000BA4DB /* AppReducer.swift */ = {isa = PBXFileReference; lastKnownFileType = sourcecode.swift; path = AppReducer.swift; sourceTree = "<group>"; };
		04A33C9629D701C3000BA4DB /* FilePickerReducer.swift */ = {isa = PBXFileReference; lastKnownFileType = sourcecode.swift; path = FilePickerReducer.swift; sourceTree = "<group>"; };
		04DB7D8129C347E600603633 /* CertificateFilePicker.swift */ = {isa = PBXFileReference; lastKnownFileType = sourcecode.swift; path = CertificateFilePicker.swift; sourceTree = "<group>"; };
		04DB7D8629C357A200603633 /* FilePicker.swift */ = {isa = PBXFileReference; lastKnownFileType = sourcecode.swift; path = FilePicker.swift; sourceTree = "<group>"; };
		04DB7D9029C3647200603633 /* README.md */ = {isa = PBXFileReference; lastKnownFileType = net.daringfireball.markdown; path = README.md; sourceTree = "<group>"; };
		1A98F4E529B69495001EFB2F /* Beamer.app */ = {isa = PBXFileReference; explicitFileType = wrapper.application; includeInIndex = 0; path = Beamer.app; sourceTree = BUILT_PRODUCTS_DIR; };
		1A98F4E829B69495001EFB2F /* BeamerApp.swift */ = {isa = PBXFileReference; lastKnownFileType = sourcecode.swift; path = BeamerApp.swift; sourceTree = "<group>"; };
		1A98F4EA29B69495001EFB2F /* ContentView.swift */ = {isa = PBXFileReference; lastKnownFileType = sourcecode.swift; path = ContentView.swift; sourceTree = "<group>"; };
		1A98F4EC29B69497001EFB2F /* Assets.xcassets */ = {isa = PBXFileReference; lastKnownFileType = folder.assetcatalog; path = Assets.xcassets; sourceTree = "<group>"; };
		1A98F4EF29B69497001EFB2F /* Preview Assets.xcassets */ = {isa = PBXFileReference; lastKnownFileType = folder.assetcatalog; path = "Preview Assets.xcassets"; sourceTree = "<group>"; };
		1A98F4F129B69497001EFB2F /* Beamer.entitlements */ = {isa = PBXFileReference; lastKnownFileType = text.plist.entitlements; path = Beamer.entitlements; sourceTree = "<group>"; };
		1A98F4F629B69498001EFB2F /* BeamerTests.xctest */ = {isa = PBXFileReference; explicitFileType = wrapper.cfbundle; includeInIndex = 0; path = BeamerTests.xctest; sourceTree = BUILT_PRODUCTS_DIR; };
		1A98F4FA29B69498001EFB2F /* BeamerTests.swift */ = {isa = PBXFileReference; lastKnownFileType = sourcecode.swift; path = BeamerTests.swift; sourceTree = "<group>"; };
		1A98F50029B69498001EFB2F /* BeamerUITests.xctest */ = {isa = PBXFileReference; explicitFileType = wrapper.cfbundle; includeInIndex = 0; path = BeamerUITests.xctest; sourceTree = BUILT_PRODUCTS_DIR; };
		1A98F50429B69498001EFB2F /* BeamerUITests.swift */ = {isa = PBXFileReference; lastKnownFileType = sourcecode.swift; path = BeamerUITests.swift; sourceTree = "<group>"; };
		1A98F50629B69498001EFB2F /* BeamerUITestsLaunchTests.swift */ = {isa = PBXFileReference; lastKnownFileType = sourcecode.swift; path = BeamerUITestsLaunchTests.swift; sourceTree = "<group>"; };
		1A98F51329B800AC001EFB2F /* AppDelegate.swift */ = {isa = PBXFileReference; lastKnownFileType = sourcecode.swift; path = AppDelegate.swift; sourceTree = "<group>"; };
/* End PBXFileReference section */

/* Begin PBXFrameworksBuildPhase section */
		1A98F4E229B69495001EFB2F /* Frameworks */ = {
			isa = PBXFrameworksBuildPhase;
			buildActionMask = 2147483647;
			files = (
				04DB7D8A29C35F0A00603633 /* ComposableArchitecture in Frameworks */,
			);
			runOnlyForDeploymentPostprocessing = 0;
		};
		1A98F4F329B69498001EFB2F /* Frameworks */ = {
			isa = PBXFrameworksBuildPhase;
			buildActionMask = 2147483647;
			files = (
			);
			runOnlyForDeploymentPostprocessing = 0;
		};
		1A98F4FD29B69498001EFB2F /* Frameworks */ = {
			isa = PBXFrameworksBuildPhase;
			buildActionMask = 2147483647;
			files = (
			);
			runOnlyForDeploymentPostprocessing = 0;
		};
/* End PBXFrameworksBuildPhase section */

/* Begin PBXGroup section */
		04A33C9529D701AD000BA4DB /* FilePicker */ = {
			isa = PBXGroup;
			children = (
				04A33C9629D701C3000BA4DB /* FilePickerReducer.swift */,
			);
			path = FilePicker;
			sourceTree = "<group>";
		};
		04DB7D8029C347B900603633 /* Presentation */ = {
			isa = PBXGroup;
			children = (
				04DB7D8B29C35FA400603633 /* Main */,
				04DB7D8429C3559900603633 /* FilePicker */,
			);
			path = Presentation;
			sourceTree = "<group>";
		};
		04DB7D8329C3551000603633 /* Data */ = {
			isa = PBXGroup;
			children = (
				04DB7D8529C3578C00603633 /* FilePicker */,
			);
			path = Data;
			sourceTree = "<group>";
		};
		04DB7D8429C3559900603633 /* FilePicker */ = {
			isa = PBXGroup;
			children = (
				04DB7D8129C347E600603633 /* CertificateFilePicker.swift */,
			);
			path = FilePicker;
			sourceTree = "<group>";
		};
		04DB7D8529C3578C00603633 /* FilePicker */ = {
			isa = PBXGroup;
			children = (
				04DB7D8629C357A200603633 /* FilePicker.swift */,
			);
			path = FilePicker;
			sourceTree = "<group>";
		};
		04DB7D8B29C35FA400603633 /* Main */ = {
			isa = PBXGroup;
			children = (
				1A98F4EA29B69495001EFB2F /* ContentView.swift */,
			);
			path = Main;
			sourceTree = "<group>";
		};
		04DB7D8C29C361DE00603633 /* Domain */ = {
			isa = PBXGroup;
			children = (
				04DB7D8F29C363E300603633 /* Reducer */,
				04DB7D8E29C363C800603633 /* Action */,
			);
			path = Domain;
			sourceTree = "<group>";
		};
		04DB7D8E29C363C800603633 /* Action */ = {
			isa = PBXGroup;
			children = (
				04DB7D9629C4B5FA00603633 /* Main */,
			);
			path = Action;
			sourceTree = "<group>";
		};
		04DB7D8F29C363E300603633 /* Reducer */ = {
			isa = PBXGroup;
			children = (
				04A33C9529D701AD000BA4DB /* FilePicker */,
				04DB7D9329C4B4DA00603633 /* Main */,
			);
			path = Reducer;
			sourceTree = "<group>";
		};
		04DB7D9329C4B4DA00603633 /* Main */ = {
			isa = PBXGroup;
			children = (
				04A33C9329D700C7000BA4DB /* AppReducer.swift */,
			);
			path = Main;
			sourceTree = "<group>";
		};
		04DB7D9629C4B5FA00603633 /* Main */ = {
			isa = PBXGroup;
			children = (
			);
			path = Main;
			sourceTree = "<group>";
		};
		1A98F4DC29B69495001EFB2F = {
			isa = PBXGroup;
			children = (
				04DB7D9029C3647200603633 /* README.md */,
				1A98F4E729B69495001EFB2F /* Beamer */,
				1A98F4F929B69498001EFB2F /* BeamerTests */,
				1A98F50329B69498001EFB2F /* BeamerUITests */,
				1A98F4E629B69495001EFB2F /* Products */,
			);
			sourceTree = "<group>";
		};
		1A98F4E629B69495001EFB2F /* Products */ = {
			isa = PBXGroup;
			children = (
				1A98F4E529B69495001EFB2F /* Beamer.app */,
				1A98F4F629B69498001EFB2F /* BeamerTests.xctest */,
				1A98F50029B69498001EFB2F /* BeamerUITests.xctest */,
			);
			name = Products;
			sourceTree = "<group>";
		};
		1A98F4E729B69495001EFB2F /* Beamer */ = {
			isa = PBXGroup;
			children = (
				04DB7D8C29C361DE00603633 /* Domain */,
				04DB7D8329C3551000603633 /* Data */,
				04DB7D8029C347B900603633 /* Presentation */,
				1A98F4EC29B69497001EFB2F /* Assets.xcassets */,
				1A98F4E829B69495001EFB2F /* BeamerApp.swift */,
				1A98F4F129B69497001EFB2F /* Beamer.entitlements */,
				1A98F4EE29B69497001EFB2F /* Preview Content */,
				1A98F51329B800AC001EFB2F /* AppDelegate.swift */,
			);
			path = Beamer;
			sourceTree = "<group>";
		};
		1A98F4EE29B69497001EFB2F /* Preview Content */ = {
			isa = PBXGroup;
			children = (
				1A98F4EF29B69497001EFB2F /* Preview Assets.xcassets */,
			);
			path = "Preview Content";
			sourceTree = "<group>";
		};
		1A98F4F929B69498001EFB2F /* BeamerTests */ = {
			isa = PBXGroup;
			children = (
				1A98F4FA29B69498001EFB2F /* BeamerTests.swift */,
			);
			path = BeamerTests;
			sourceTree = "<group>";
		};
		1A98F50329B69498001EFB2F /* BeamerUITests */ = {
			isa = PBXGroup;
			children = (
				1A98F50429B69498001EFB2F /* BeamerUITests.swift */,
				1A98F50629B69498001EFB2F /* BeamerUITestsLaunchTests.swift */,
			);
			path = BeamerUITests;
			sourceTree = "<group>";
		};
/* End PBXGroup section */

/* Begin PBXNativeTarget section */
		1A98F4E429B69495001EFB2F /* Beamer */ = {
			isa = PBXNativeTarget;
			buildConfigurationList = 1A98F50A29B69498001EFB2F /* Build configuration list for PBXNativeTarget "Beamer" */;
			buildPhases = (
				1A98F4E129B69495001EFB2F /* Sources */,
				1A98F4E229B69495001EFB2F /* Frameworks */,
				1A98F4E329B69495001EFB2F /* Resources */,
			);
			buildRules = (
			);
			dependencies = (
			);
			name = Beamer;
			packageProductDependencies = (
				04DB7D8929C35F0A00603633 /* ComposableArchitecture */,
			);
			productName = Beamer;
			productReference = 1A98F4E529B69495001EFB2F /* Beamer.app */;
			productType = "com.apple.product-type.application";
		};
		1A98F4F529B69498001EFB2F /* BeamerTests */ = {
			isa = PBXNativeTarget;
			buildConfigurationList = 1A98F50D29B69498001EFB2F /* Build configuration list for PBXNativeTarget "BeamerTests" */;
			buildPhases = (
				1A98F4F229B69498001EFB2F /* Sources */,
				1A98F4F329B69498001EFB2F /* Frameworks */,
				1A98F4F429B69498001EFB2F /* Resources */,
			);
			buildRules = (
			);
			dependencies = (
				1A98F4F829B69498001EFB2F /* PBXTargetDependency */,
			);
			name = BeamerTests;
			productName = BeamerTests;
			productReference = 1A98F4F629B69498001EFB2F /* BeamerTests.xctest */;
			productType = "com.apple.product-type.bundle.unit-test";
		};
		1A98F4FF29B69498001EFB2F /* BeamerUITests */ = {
			isa = PBXNativeTarget;
			buildConfigurationList = 1A98F51029B69498001EFB2F /* Build configuration list for PBXNativeTarget "BeamerUITests" */;
			buildPhases = (
				1A98F4FC29B69498001EFB2F /* Sources */,
				1A98F4FD29B69498001EFB2F /* Frameworks */,
				1A98F4FE29B69498001EFB2F /* Resources */,
			);
			buildRules = (
			);
			dependencies = (
				1A98F50229B69498001EFB2F /* PBXTargetDependency */,
			);
			name = BeamerUITests;
			productName = BeamerUITests;
			productReference = 1A98F50029B69498001EFB2F /* BeamerUITests.xctest */;
			productType = "com.apple.product-type.bundle.ui-testing";
		};
/* End PBXNativeTarget section */

/* Begin PBXProject section */
		1A98F4DD29B69495001EFB2F /* Project object */ = {
			isa = PBXProject;
			attributes = {
				BuildIndependentTargetsInParallel = 1;
				LastSwiftUpdateCheck = 1420;
				LastUpgradeCheck = 1420;
				TargetAttributes = {
					1A98F4E429B69495001EFB2F = {
						CreatedOnToolsVersion = 14.2;
					};
					1A98F4F529B69498001EFB2F = {
						CreatedOnToolsVersion = 14.2;
						TestTargetID = 1A98F4E429B69495001EFB2F;
					};
					1A98F4FF29B69498001EFB2F = {
						CreatedOnToolsVersion = 14.2;
						TestTargetID = 1A98F4E429B69495001EFB2F;
					};
				};
			};
			buildConfigurationList = 1A98F4E029B69495001EFB2F /* Build configuration list for PBXProject "Beamer" */;
			compatibilityVersion = "Xcode 14.0";
			developmentRegion = en;
			hasScannedForEncodings = 0;
			knownRegions = (
				en,
				Base,
			);
			mainGroup = 1A98F4DC29B69495001EFB2F;
			packageReferences = (
				04DB7D8829C35F0900603633 /* XCRemoteSwiftPackageReference "swift-composable-architecture" */,
			);
			productRefGroup = 1A98F4E629B69495001EFB2F /* Products */;
			projectDirPath = "";
			projectRoot = "";
			targets = (
				1A98F4E429B69495001EFB2F /* Beamer */,
				1A98F4F529B69498001EFB2F /* BeamerTests */,
				1A98F4FF29B69498001EFB2F /* BeamerUITests */,
			);
		};
/* End PBXProject section */

/* Begin PBXResourcesBuildPhase section */
		1A98F4E329B69495001EFB2F /* Resources */ = {
			isa = PBXResourcesBuildPhase;
			buildActionMask = 2147483647;
			files = (
				04DB7D9129C3647200603633 /* README.md in Resources */,
				1A98F4F029B69497001EFB2F /* Preview Assets.xcassets in Resources */,
				1A98F4ED29B69497001EFB2F /* Assets.xcassets in Resources */,
			);
			runOnlyForDeploymentPostprocessing = 0;
		};
		1A98F4F429B69498001EFB2F /* Resources */ = {
			isa = PBXResourcesBuildPhase;
			buildActionMask = 2147483647;
			files = (
			);
			runOnlyForDeploymentPostprocessing = 0;
		};
		1A98F4FE29B69498001EFB2F /* Resources */ = {
			isa = PBXResourcesBuildPhase;
			buildActionMask = 2147483647;
			files = (
			);
			runOnlyForDeploymentPostprocessing = 0;
		};
/* End PBXResourcesBuildPhase section */

/* Begin PBXSourcesBuildPhase section */
		1A98F4E129B69495001EFB2F /* Sources */ = {
			isa = PBXSourcesBuildPhase;
			buildActionMask = 2147483647;
			files = (
				04A33C9429D700C7000BA4DB /* AppReducer.swift in Sources */,
				1A98F51429B800AC001EFB2F /* AppDelegate.swift in Sources */,
				04DB7D8229C347E600603633 /* CertificateFilePicker.swift in Sources */,
				04DB7D8729C357A200603633 /* FilePicker.swift in Sources */,
				04A33C9729D701C3000BA4DB /* FilePickerReducer.swift in Sources */,
				1A98F4EB29B69495001EFB2F /* ContentView.swift in Sources */,
				1A98F4E929B69495001EFB2F /* BeamerApp.swift in Sources */,
			);
			runOnlyForDeploymentPostprocessing = 0;
		};
		1A98F4F229B69498001EFB2F /* Sources */ = {
			isa = PBXSourcesBuildPhase;
			buildActionMask = 2147483647;
			files = (
				1A98F4FB29B69498001EFB2F /* BeamerTests.swift in Sources */,
			);
			runOnlyForDeploymentPostprocessing = 0;
		};
		1A98F4FC29B69498001EFB2F /* Sources */ = {
			isa = PBXSourcesBuildPhase;
			buildActionMask = 2147483647;
			files = (
				1A98F50729B69498001EFB2F /* BeamerUITestsLaunchTests.swift in Sources */,
				1A98F50529B69498001EFB2F /* BeamerUITests.swift in Sources */,
			);
			runOnlyForDeploymentPostprocessing = 0;
		};
/* End PBXSourcesBuildPhase section */

/* Begin PBXTargetDependency section */
		1A98F4F829B69498001EFB2F /* PBXTargetDependency */ = {
			isa = PBXTargetDependency;
			target = 1A98F4E429B69495001EFB2F /* Beamer */;
			targetProxy = 1A98F4F729B69498001EFB2F /* PBXContainerItemProxy */;
		};
		1A98F50229B69498001EFB2F /* PBXTargetDependency */ = {
			isa = PBXTargetDependency;
			target = 1A98F4E429B69495001EFB2F /* Beamer */;
			targetProxy = 1A98F50129B69498001EFB2F /* PBXContainerItemProxy */;
		};
/* End PBXTargetDependency section */

/* Begin XCBuildConfiguration section */
		1A98F50829B69498001EFB2F /* Debug */ = {
			isa = XCBuildConfiguration;
			buildSettings = {
				ALWAYS_SEARCH_USER_PATHS = NO;
				CLANG_ANALYZER_NONNULL = YES;
				CLANG_ANALYZER_NUMBER_OBJECT_CONVERSION = YES_AGGRESSIVE;
				CLANG_CXX_LANGUAGE_STANDARD = "gnu++20";
				CLANG_ENABLE_MODULES = YES;
				CLANG_ENABLE_OBJC_ARC = YES;
				CLANG_ENABLE_OBJC_WEAK = YES;
				CLANG_WARN_BLOCK_CAPTURE_AUTORELEASING = YES;
				CLANG_WARN_BOOL_CONVERSION = YES;
				CLANG_WARN_COMMA = YES;
				CLANG_WARN_CONSTANT_CONVERSION = YES;
				CLANG_WARN_DEPRECATED_OBJC_IMPLEMENTATIONS = YES;
				CLANG_WARN_DIRECT_OBJC_ISA_USAGE = YES_ERROR;
				CLANG_WARN_DOCUMENTATION_COMMENTS = YES;
				CLANG_WARN_EMPTY_BODY = YES;
				CLANG_WARN_ENUM_CONVERSION = YES;
				CLANG_WARN_INFINITE_RECURSION = YES;
				CLANG_WARN_INT_CONVERSION = YES;
				CLANG_WARN_NON_LITERAL_NULL_CONVERSION = YES;
				CLANG_WARN_OBJC_IMPLICIT_RETAIN_SELF = YES;
				CLANG_WARN_OBJC_LITERAL_CONVERSION = YES;
				CLANG_WARN_OBJC_ROOT_CLASS = YES_ERROR;
				CLANG_WARN_QUOTED_INCLUDE_IN_FRAMEWORK_HEADER = YES;
				CLANG_WARN_RANGE_LOOP_ANALYSIS = YES;
				CLANG_WARN_STRICT_PROTOTYPES = YES;
				CLANG_WARN_SUSPICIOUS_MOVE = YES;
				CLANG_WARN_UNGUARDED_AVAILABILITY = YES_AGGRESSIVE;
				CLANG_WARN_UNREACHABLE_CODE = YES;
				CLANG_WARN__DUPLICATE_METHOD_MATCH = YES;
				COPY_PHASE_STRIP = NO;
				DEBUG_INFORMATION_FORMAT = dwarf;
				ENABLE_STRICT_OBJC_MSGSEND = YES;
				ENABLE_TESTABILITY = YES;
				GCC_C_LANGUAGE_STANDARD = gnu11;
				GCC_DYNAMIC_NO_PIC = NO;
				GCC_NO_COMMON_BLOCKS = YES;
				GCC_OPTIMIZATION_LEVEL = 0;
				GCC_PREPROCESSOR_DEFINITIONS = (
					"DEBUG=1",
					"$(inherited)",
				);
				GCC_WARN_64_TO_32_BIT_CONVERSION = YES;
				GCC_WARN_ABOUT_RETURN_TYPE = YES_ERROR;
				GCC_WARN_UNDECLARED_SELECTOR = YES;
				GCC_WARN_UNINITIALIZED_AUTOS = YES_AGGRESSIVE;
				GCC_WARN_UNUSED_FUNCTION = YES;
				GCC_WARN_UNUSED_VARIABLE = YES;
				MACOSX_DEPLOYMENT_TARGET = 13.1;
				MTL_ENABLE_DEBUG_INFO = INCLUDE_SOURCE;
				MTL_FAST_MATH = YES;
				ONLY_ACTIVE_ARCH = YES;
				SDKROOT = macosx;
				SWIFT_ACTIVE_COMPILATION_CONDITIONS = DEBUG;
				SWIFT_OPTIMIZATION_LEVEL = "-Onone";
			};
			name = Debug;
		};
		1A98F50929B69498001EFB2F /* Release */ = {
			isa = XCBuildConfiguration;
			buildSettings = {
				ALWAYS_SEARCH_USER_PATHS = NO;
				CLANG_ANALYZER_NONNULL = YES;
				CLANG_ANALYZER_NUMBER_OBJECT_CONVERSION = YES_AGGRESSIVE;
				CLANG_CXX_LANGUAGE_STANDARD = "gnu++20";
				CLANG_ENABLE_MODULES = YES;
				CLANG_ENABLE_OBJC_ARC = YES;
				CLANG_ENABLE_OBJC_WEAK = YES;
				CLANG_WARN_BLOCK_CAPTURE_AUTORELEASING = YES;
				CLANG_WARN_BOOL_CONVERSION = YES;
				CLANG_WARN_COMMA = YES;
				CLANG_WARN_CONSTANT_CONVERSION = YES;
				CLANG_WARN_DEPRECATED_OBJC_IMPLEMENTATIONS = YES;
				CLANG_WARN_DIRECT_OBJC_ISA_USAGE = YES_ERROR;
				CLANG_WARN_DOCUMENTATION_COMMENTS = YES;
				CLANG_WARN_EMPTY_BODY = YES;
				CLANG_WARN_ENUM_CONVERSION = YES;
				CLANG_WARN_INFINITE_RECURSION = YES;
				CLANG_WARN_INT_CONVERSION = YES;
				CLANG_WARN_NON_LITERAL_NULL_CONVERSION = YES;
				CLANG_WARN_OBJC_IMPLICIT_RETAIN_SELF = YES;
				CLANG_WARN_OBJC_LITERAL_CONVERSION = YES;
				CLANG_WARN_OBJC_ROOT_CLASS = YES_ERROR;
				CLANG_WARN_QUOTED_INCLUDE_IN_FRAMEWORK_HEADER = YES;
				CLANG_WARN_RANGE_LOOP_ANALYSIS = YES;
				CLANG_WARN_STRICT_PROTOTYPES = YES;
				CLANG_WARN_SUSPICIOUS_MOVE = YES;
				CLANG_WARN_UNGUARDED_AVAILABILITY = YES_AGGRESSIVE;
				CLANG_WARN_UNREACHABLE_CODE = YES;
				CLANG_WARN__DUPLICATE_METHOD_MATCH = YES;
				COPY_PHASE_STRIP = NO;
				DEBUG_INFORMATION_FORMAT = "dwarf-with-dsym";
				ENABLE_NS_ASSERTIONS = NO;
				ENABLE_STRICT_OBJC_MSGSEND = YES;
				GCC_C_LANGUAGE_STANDARD = gnu11;
				GCC_NO_COMMON_BLOCKS = YES;
				GCC_WARN_64_TO_32_BIT_CONVERSION = YES;
				GCC_WARN_ABOUT_RETURN_TYPE = YES_ERROR;
				GCC_WARN_UNDECLARED_SELECTOR = YES;
				GCC_WARN_UNINITIALIZED_AUTOS = YES_AGGRESSIVE;
				GCC_WARN_UNUSED_FUNCTION = YES;
				GCC_WARN_UNUSED_VARIABLE = YES;
				MACOSX_DEPLOYMENT_TARGET = 13.1;
				MTL_ENABLE_DEBUG_INFO = NO;
				MTL_FAST_MATH = YES;
				SDKROOT = macosx;
				SWIFT_COMPILATION_MODE = wholemodule;
				SWIFT_OPTIMIZATION_LEVEL = "-O";
			};
			name = Release;
		};
		1A98F50B29B69498001EFB2F /* Debug */ = {
			isa = XCBuildConfiguration;
			buildSettings = {
				ASSETCATALOG_COMPILER_APPICON_NAME = AppIcon;
				ASSETCATALOG_COMPILER_GLOBAL_ACCENT_COLOR_NAME = AccentColor;
				CODE_SIGN_ENTITLEMENTS = Beamer/Beamer.entitlements;
				"CODE_SIGN_IDENTITY[sdk=macosx*]" = "-";
				CODE_SIGN_STYLE = Automatic;
				COMBINE_HIDPI_IMAGES = YES;
				CURRENT_PROJECT_VERSION = 1;
				DEVELOPMENT_ASSET_PATHS = "\"Beamer/Preview Content\"";
				DEVELOPMENT_TEAM = TZN3LA6FWM;
				ENABLE_HARDENED_RUNTIME = YES;
				ENABLE_PREVIEWS = YES;
				GENERATE_INFOPLIST_FILE = YES;
				INFOPLIST_KEY_NSHumanReadableCopyright = "";
				LD_RUNPATH_SEARCH_PATHS = (
					"$(inherited)",
					"@executable_path/../Frameworks",
				);
				MACOSX_DEPLOYMENT_TARGET = 12.0;
				MARKETING_VERSION = 1.0;
				PRODUCT_BUNDLE_IDENTIFIER = dev.rbugaian.Beamer;
				PRODUCT_NAME = "$(TARGET_NAME)";
				SWIFT_EMIT_LOC_STRINGS = YES;
				SWIFT_VERSION = 5.0;
			};
			name = Debug;
		};
		1A98F50C29B69498001EFB2F /* Release */ = {
			isa = XCBuildConfiguration;
			buildSettings = {
				ASSETCATALOG_COMPILER_APPICON_NAME = AppIcon;
				ASSETCATALOG_COMPILER_GLOBAL_ACCENT_COLOR_NAME = AccentColor;
				CODE_SIGN_ENTITLEMENTS = Beamer/Beamer.entitlements;
				"CODE_SIGN_IDENTITY[sdk=macosx*]" = "-";
				CODE_SIGN_STYLE = Automatic;
				COMBINE_HIDPI_IMAGES = YES;
				CURRENT_PROJECT_VERSION = 1;
				DEVELOPMENT_ASSET_PATHS = "\"Beamer/Preview Content\"";
				DEVELOPMENT_TEAM = TZN3LA6FWM;
				ENABLE_HARDENED_RUNTIME = YES;
				ENABLE_PREVIEWS = YES;
				GENERATE_INFOPLIST_FILE = YES;
				INFOPLIST_KEY_NSHumanReadableCopyright = "";
				LD_RUNPATH_SEARCH_PATHS = (
					"$(inherited)",
					"@executable_path/../Frameworks",
				);
				MACOSX_DEPLOYMENT_TARGET = 12.0;
				MARKETING_VERSION = 1.0;
				PRODUCT_BUNDLE_IDENTIFIER = dev.rbugaian.Beamer;
				PRODUCT_NAME = "$(TARGET_NAME)";
				SWIFT_EMIT_LOC_STRINGS = YES;
				SWIFT_VERSION = 5.0;
			};
			name = Release;
		};
		1A98F50E29B69498001EFB2F /* Debug */ = {
			isa = XCBuildConfiguration;
			buildSettings = {
				ALWAYS_EMBED_SWIFT_STANDARD_LIBRARIES = YES;
				BUNDLE_LOADER = "$(TEST_HOST)";
				CODE_SIGN_STYLE = Automatic;
				CURRENT_PROJECT_VERSION = 1;
				DEVELOPMENT_TEAM = 54MM8888KF;
				GENERATE_INFOPLIST_FILE = YES;
				MACOSX_DEPLOYMENT_TARGET = 13.1;
				MARKETING_VERSION = 1.0;
				PRODUCT_BUNDLE_IDENTIFIER = dev.rbugaian.BeamerTests;
				PRODUCT_NAME = "$(TARGET_NAME)";
				SWIFT_EMIT_LOC_STRINGS = NO;
				SWIFT_VERSION = 5.0;
				TEST_HOST = "$(BUILT_PRODUCTS_DIR)/Beamer.app/$(BUNDLE_EXECUTABLE_FOLDER_PATH)/Beamer";
			};
			name = Debug;
		};
		1A98F50F29B69498001EFB2F /* Release */ = {
			isa = XCBuildConfiguration;
			buildSettings = {
				ALWAYS_EMBED_SWIFT_STANDARD_LIBRARIES = YES;
				BUNDLE_LOADER = "$(TEST_HOST)";
				CODE_SIGN_STYLE = Automatic;
				CURRENT_PROJECT_VERSION = 1;
				DEVELOPMENT_TEAM = 54MM8888KF;
				GENERATE_INFOPLIST_FILE = YES;
				MACOSX_DEPLOYMENT_TARGET = 13.1;
				MARKETING_VERSION = 1.0;
				PRODUCT_BUNDLE_IDENTIFIER = dev.rbugaian.BeamerTests;
				PRODUCT_NAME = "$(TARGET_NAME)";
				SWIFT_EMIT_LOC_STRINGS = NO;
				SWIFT_VERSION = 5.0;
				TEST_HOST = "$(BUILT_PRODUCTS_DIR)/Beamer.app/$(BUNDLE_EXECUTABLE_FOLDER_PATH)/Beamer";
			};
			name = Release;
		};
		1A98F51129B69498001EFB2F /* Debug */ = {
			isa = XCBuildConfiguration;
			buildSettings = {
				ALWAYS_EMBED_SWIFT_STANDARD_LIBRARIES = YES;
				CODE_SIGN_STYLE = Automatic;
				CURRENT_PROJECT_VERSION = 1;
				DEVELOPMENT_TEAM = 54MM8888KF;
				GENERATE_INFOPLIST_FILE = YES;
				MARKETING_VERSION = 1.0;
				PRODUCT_BUNDLE_IDENTIFIER = dev.rbugaian.BeamerUITests;
				PRODUCT_NAME = "$(TARGET_NAME)";
				SWIFT_EMIT_LOC_STRINGS = NO;
				SWIFT_VERSION = 5.0;
				TEST_TARGET_NAME = Beamer;
			};
			name = Debug;
		};
		1A98F51229B69498001EFB2F /* Release */ = {
			isa = XCBuildConfiguration;
			buildSettings = {
				ALWAYS_EMBED_SWIFT_STANDARD_LIBRARIES = YES;
				CODE_SIGN_STYLE = Automatic;
				CURRENT_PROJECT_VERSION = 1;
				DEVELOPMENT_TEAM = 54MM8888KF;
				GENERATE_INFOPLIST_FILE = YES;
				MARKETING_VERSION = 1.0;
				PRODUCT_BUNDLE_IDENTIFIER = dev.rbugaian.BeamerUITests;
				PRODUCT_NAME = "$(TARGET_NAME)";
				SWIFT_EMIT_LOC_STRINGS = NO;
				SWIFT_VERSION = 5.0;
				TEST_TARGET_NAME = Beamer;
			};
			name = Release;
		};
/* End XCBuildConfiguration section */

/* Begin XCConfigurationList section */
		1A98F4E029B69495001EFB2F /* Build configuration list for PBXProject "Beamer" */ = {
			isa = XCConfigurationList;
			buildConfigurations = (
				1A98F50829B69498001EFB2F /* Debug */,
				1A98F50929B69498001EFB2F /* Release */,
			);
			defaultConfigurationIsVisible = 0;
			defaultConfigurationName = Release;
		};
		1A98F50A29B69498001EFB2F /* Build configuration list for PBXNativeTarget "Beamer" */ = {
			isa = XCConfigurationList;
			buildConfigurations = (
				1A98F50B29B69498001EFB2F /* Debug */,
				1A98F50C29B69498001EFB2F /* Release */,
			);
			defaultConfigurationIsVisible = 0;
			defaultConfigurationName = Release;
		};
		1A98F50D29B69498001EFB2F /* Build configuration list for PBXNativeTarget "BeamerTests" */ = {
			isa = XCConfigurationList;
			buildConfigurations = (
				1A98F50E29B69498001EFB2F /* Debug */,
				1A98F50F29B69498001EFB2F /* Release */,
			);
			defaultConfigurationIsVisible = 0;
			defaultConfigurationName = Release;
		};
		1A98F51029B69498001EFB2F /* Build configuration list for PBXNativeTarget "BeamerUITests" */ = {
			isa = XCConfigurationList;
			buildConfigurations = (
				1A98F51129B69498001EFB2F /* Debug */,
				1A98F51229B69498001EFB2F /* Release */,
			);
			defaultConfigurationIsVisible = 0;
			defaultConfigurationName = Release;
		};
/* End XCConfigurationList section */

/* Begin XCRemoteSwiftPackageReference section */
		04DB7D8829C35F0900603633 /* XCRemoteSwiftPackageReference "swift-composable-architecture" */ = {
			isa = XCRemoteSwiftPackageReference;
			repositoryURL = "https://github.com/pointfreeco/swift-composable-architecture";
			requirement = {
				kind = upToNextMajorVersion;
				minimumVersion = 0.9.0;
			};
		};
/* End XCRemoteSwiftPackageReference section */

/* Begin XCSwiftPackageProductDependency section */
		04DB7D8929C35F0A00603633 /* ComposableArchitecture */ = {
			isa = XCSwiftPackageProductDependency;
			package = 04DB7D8829C35F0900603633 /* XCRemoteSwiftPackageReference "swift-composable-architecture" */;
			productName = ComposableArchitecture;
		};
/* End XCSwiftPackageProductDependency section */
	};
	rootObject = 1A98F4DD29B69495001EFB2F /* Project object */;
}
